
Microsoft Visual Studio Solution File, Format Version 12.00
# Visual Studio Version 16
VisualStudioVersion = 16.0.29411.108
MinimumVisualStudioVersion = 10.0.40219.1
Project("{9A19103F-16F7-4668-BE54-9A1E7A4F7556}") = "compiler", "compiler.csproj", "{BAE32F07-8B34-4ACB-99C6-E237B2B57A03}"
EndProject
Global
	GlobalSection(SolutionConfigurationPlatforms) = preSolution
		Debug|Any CPU = Debug|Any CPU
		Release|Any CPU = Release|Any CPU
	EndGlobalSection
	GlobalSection(ProjectConfigurationPlatforms) = postSolution
		{BAE32F07-8B34-4ACB-99C6-E237B2B57A03}.Debug|Any CPU.ActiveCfg = Debug|Any CPU
		{BAE32F07-8B34-4ACB-99C6-E237B2B57A03}.Debug|Any CPU.Build.0 = Debug|Any CPU
		{BAE32F07-8B34-4ACB-99C6-E237B2B57A03}.Release|Any CPU.ActiveCfg = Release|Any CPU
		{BAE32F07-8B34-4ACB-99C6-E237B2B57A03}.Release|Any CPU.Build.0 = Release|Any CPU
	EndGlobalSection
	GlobalSection(SolutionProperties) = preSolution
		HideSolutionNode = FALSE
	EndGlobalSection
	GlobalSection(ExtensibilityGlobals) = postSolution
		SolutionGuid = {4E606161-2596-49F1-811A-50A00A5ADDDC}
	EndGlobalSection
EndGlobal
